
Microsoft Visual Studio Solution File, Format Version 12.00
# Visual Studio 15
VisualStudioVersion = 15.0.28307.168
MinimumVisualStudioVersion = 10.0.40219.1
Project("{FAE04EC0-301F-11D3-BF4B-00C04F79EFBC}") = "BTL.WS", "BTL.WS\BTL.WS.csproj", "{EC24D667-30DB-4EF5-A952-AC8005E33942}"
EndProject
Project("{FAE04EC0-301F-11D3-BF4B-00C04F79EFBC}") = "BTL.WS.Entity", "BTL.WS.Entity\BTL.WS.Entity.csproj", "{C0C7176C-23DF-4F0A-9E99-EBFC7FE25375}"
EndProject
Project("{FAE04EC0-301F-11D3-BF4B-00C04F79EFBC}") = "BTL.WS.Repository", "BTL.WS.Repository\BTL.WS.Repository.csproj", "{DB9CC1B3-7F79-4B24-85D8-30BE4D25E0C2}"
EndProject
Project("{FAE04EC0-301F-11D3-BF4B-00C04F79EFBC}") = "BTL.WS.Service", "BTL.WS.Service\BTL.WS.Service.csproj", "{13369593-6FC6-4961-AB37-C8F83265A77F}"
EndProject
Global
	GlobalSection(SolutionConfigurationPlatforms) = preSolution
		Debug|Any CPU = Debug|Any CPU
		Release|Any CPU = Release|Any CPU
	EndGlobalSection
	GlobalSection(ProjectConfigurationPlatforms) = postSolution
		{EC24D667-30DB-4EF5-A952-AC8005E33942}.Debug|Any CPU.ActiveCfg = Debug|Any CPU
		{EC24D667-30DB-4EF5-A952-AC8005E33942}.Debug|Any CPU.Build.0 = Debug|Any CPU
		{EC24D667-30DB-4EF5-A952-AC8005E33942}.Release|Any CPU.ActiveCfg = Release|Any CPU
		{EC24D667-30DB-4EF5-A952-AC8005E33942}.Release|Any CPU.Build.0 = Release|Any CPU
		{C0C7176C-23DF-4F0A-9E99-EBFC7FE25375}.Debug|Any CPU.ActiveCfg = Debug|Any CPU
		{C0C7176C-23DF-4F0A-9E99-EBFC7FE25375}.Debug|Any CPU.Build.0 = Debug|Any CPU
		{C0C7176C-23DF-4F0A-9E99-EBFC7FE25375}.Release|Any CPU.ActiveCfg = Release|Any CPU
		{C0C7176C-23DF-4F0A-9E99-EBFC7FE25375}.Release|Any CPU.Build.0 = Release|Any CPU
		{DB9CC1B3-7F79-4B24-85D8-30BE4D25E0C2}.Debug|Any CPU.ActiveCfg = Debug|Any CPU
		{DB9CC1B3-7F79-4B24-85D8-30BE4D25E0C2}.Debug|Any CPU.Build.0 = Debug|Any CPU
		{DB9CC1B3-7F79-4B24-85D8-30BE4D25E0C2}.Release|Any CPU.ActiveCfg = Release|Any CPU
		{DB9CC1B3-7F79-4B24-85D8-30BE4D25E0C2}.Release|Any CPU.Build.0 = Release|Any CPU
		{13369593-6FC6-4961-AB37-C8F83265A77F}.Debug|Any CPU.ActiveCfg = Debug|Any CPU
		{13369593-6FC6-4961-AB37-C8F83265A77F}.Debug|Any CPU.Build.0 = Debug|Any CPU
		{13369593-6FC6-4961-AB37-C8F83265A77F}.Release|Any CPU.ActiveCfg = Release|Any CPU
		{13369593-6FC6-4961-AB37-C8F83265A77F}.Release|Any CPU.Build.0 = Release|Any CPU
	EndGlobalSection
	GlobalSection(SolutionProperties) = preSolution
		HideSolutionNode = FALSE
	EndGlobalSection
	GlobalSection(ExtensibilityGlobals) = postSolution
		SolutionGuid = {BE73B979-E8B0-41AB-99E3-7937385D8321}
	EndGlobalSection
EndGlobal
